
Microsoft Visual Studio Solution File, Format Version 12.00
# Visual Studio Version 17
VisualStudioVersion = 17.9.34607.119
MinimumVisualStudioVersion = 10.0.40219.1
Project("{9A19103F-16F7-4668-BE54-9A1E7A4F7556}") = "BestBooksWeb", "BestBooksWeb.csproj", "{83C589A7-C740-4C14-BB2F-8CF9AA7DCE24}"
EndProject
Project("{FAE04EC0-301F-11D3-BF4B-00C04F79EFBC}") = "BestBooks.Models", "..\BestBooks.Models\BestBooks.Models.csproj", "{F09E184A-64C6-4FAC-9FC1-52E4A282616B}"
EndProject
Project("{FAE04EC0-301F-11D3-BF4B-00C04F79EFBC}") = "BestBooks.DataAccess", "..\BestBooks.DataAccess\BestBooks.DataAccess.csproj", "{260709F6-B7CD-4F94-8B63-2B3A5FD458E2}"
EndProject
Project("{FAE04EC0-301F-11D3-BF4B-00C04F79EFBC}") = "BestBooks.Utility", "..\BestBooks.Utility\BestBooks.Utility.csproj", "{3EC70411-F90B-42D2-B328-74BF681D9B7C}"
EndProject
Global
	GlobalSection(SolutionConfigurationPlatforms) = preSolution
		Debug|Any CPU = Debug|Any CPU
		Release|Any CPU = Release|Any CPU
	EndGlobalSection
	GlobalSection(ProjectConfigurationPlatforms) = postSolution
		{83C589A7-C740-4C14-BB2F-8CF9AA7DCE24}.Debug|Any CPU.ActiveCfg = Debug|Any CPU
		{83C589A7-C740-4C14-BB2F-8CF9AA7DCE24}.Debug|Any CPU.Build.0 = Debug|Any CPU
		{83C589A7-C740-4C14-BB2F-8CF9AA7DCE24}.Release|Any CPU.ActiveCfg = Release|Any CPU
		{83C589A7-C740-4C14-BB2F-8CF9AA7DCE24}.Release|Any CPU.Build.0 = Release|Any CPU
		{F09E184A-64C6-4FAC-9FC1-52E4A282616B}.Debug|Any CPU.ActiveCfg = Debug|Any CPU
		{F09E184A-64C6-4FAC-9FC1-52E4A282616B}.Debug|Any CPU.Build.0 = Debug|Any CPU
		{F09E184A-64C6-4FAC-9FC1-52E4A282616B}.Release|Any CPU.ActiveCfg = Release|Any CPU
		{F09E184A-64C6-4FAC-9FC1-52E4A282616B}.Release|Any CPU.Build.0 = Release|Any CPU
		{260709F6-B7CD-4F94-8B63-2B3A5FD458E2}.Debug|Any CPU.ActiveCfg = Debug|Any CPU
		{260709F6-B7CD-4F94-8B63-2B3A5FD458E2}.Debug|Any CPU.Build.0 = Debug|Any CPU
		{260709F6-B7CD-4F94-8B63-2B3A5FD458E2}.Release|Any CPU.ActiveCfg = Release|Any CPU
		{260709F6-B7CD-4F94-8B63-2B3A5FD458E2}.Release|Any CPU.Build.0 = Release|Any CPU
		{3EC70411-F90B-42D2-B328-74BF681D9B7C}.Debug|Any CPU.ActiveCfg = Debug|Any CPU
		{3EC70411-F90B-42D2-B328-74BF681D9B7C}.Debug|Any CPU.Build.0 = Debug|Any CPU
		{3EC70411-F90B-42D2-B328-74BF681D9B7C}.Release|Any CPU.ActiveCfg = Release|Any CPU
		{3EC70411-F90B-42D2-B328-74BF681D9B7C}.Release|Any CPU.Build.0 = Release|Any CPU
	EndGlobalSection
	GlobalSection(SolutionProperties) = preSolution
		HideSolutionNode = FALSE
	EndGlobalSection
	GlobalSection(ExtensibilityGlobals) = postSolution
		SolutionGuid = {4410BD91-C816-4CE2-B67B-7A6176957343}
	EndGlobalSection
EndGlobal
